
Microsoft Visual Studio Solution File, Format Version 12.00
Project("{2150E333-8FDC-42A3-9474-1A3956D46DE8}") = "UI", "UI", "{A2880FFB-EEA8-47C6-8CEF-654A992D108B}"
EndProject
Project("{2150E333-8FDC-42A3-9474-1A3956D46DE8}") = "Data access", "Data access", "{C4DBC3F2-67F2-438F-837A-74FA46418C97}"
EndProject
Project("{2150E333-8FDC-42A3-9474-1A3956D46DE8}") = "Logic", "Logic", "{11424574-713D-40CB-A630-E4ECF8F16D4F}"
EndProject
Project("{2150E333-8FDC-42A3-9474-1A3956D46DE8}") = "Common", "Common", "{1AAD908B-8A99-409D-AADA-C9E943DFCCBD}"
EndProject
Project("{FAE04EC0-301F-11D3-BF4B-00C04F79EFBC}") = "Entities", "Entities\Entities.csproj", "{F86341E7-78D8-47F0-8D3C-9CA5AF1B8241}"
EndProject
Project("{FAE04EC0-301F-11D3-BF4B-00C04F79EFBC}") = "DataAccessContracts", "DataAccessContracts\DataAccessContracts.csproj", "{38844684-DB99-4D12-8087-902C6F95B3B2}"
EndProject
Project("{FAE04EC0-301F-11D3-BF4B-00C04F79EFBC}") = "MSSQLDataAccess", "MSSQLDataAccess\MSSQLDataAccess.csproj", "{2C470A7B-9008-4FC1-B6E1-43EB75F5B49A}"
EndProject
Project("{FAE04EC0-301F-11D3-BF4B-00C04F79EFBC}") = "MemoryDataAccess", "MemoryDataAccess\MemoryDataAccess.csproj", "{B6A99235-6D73-480B-8B5A-B0FEA3EE1E56}"
EndProject
Project("{FAE04EC0-301F-11D3-BF4B-00C04F79EFBC}") = "LogicContracts", "LogicContracts\LogicContracts.csproj", "{50D0DB38-F241-4A33-B7EF-F02208D96145}"
EndProject
Project("{FAE04EC0-301F-11D3-BF4B-00C04F79EFBC}") = "ConsoleUI", "ConsoleUI\ConsoleUI.csproj", "{1E8AC86B-3E4B-449A-BF55-AC83C8AFE7B8}"
EndProject
Project("{FAE04EC0-301F-11D3-BF4B-00C04F79EFBC}") = "AppConfig", "AppConfig\AppConfig.csproj", "{87B080A8-2236-4410-80C8-D8196BA2A609}"
EndProject
Project("{FAE04EC0-301F-11D3-BF4B-00C04F79EFBC}") = "Logic", "Logic\Logic.csproj", "{E908E68C-CA67-4D35-9A1B-E6962BE7BF1C}"
EndProject
Global
	GlobalSection(SolutionConfigurationPlatforms) = preSolution
		Debug|Any CPU = Debug|Any CPU
		Release|Any CPU = Release|Any CPU
	EndGlobalSection
	GlobalSection(ProjectConfigurationPlatforms) = postSolution
		{F86341E7-78D8-47F0-8D3C-9CA5AF1B8241}.Debug|Any CPU.ActiveCfg = Debug|Any CPU
		{F86341E7-78D8-47F0-8D3C-9CA5AF1B8241}.Debug|Any CPU.Build.0 = Debug|Any CPU
		{F86341E7-78D8-47F0-8D3C-9CA5AF1B8241}.Release|Any CPU.ActiveCfg = Release|Any CPU
		{F86341E7-78D8-47F0-8D3C-9CA5AF1B8241}.Release|Any CPU.Build.0 = Release|Any CPU
		{38844684-DB99-4D12-8087-902C6F95B3B2}.Debug|Any CPU.ActiveCfg = Debug|Any CPU
		{38844684-DB99-4D12-8087-902C6F95B3B2}.Debug|Any CPU.Build.0 = Debug|Any CPU
		{38844684-DB99-4D12-8087-902C6F95B3B2}.Release|Any CPU.ActiveCfg = Release|Any CPU
		{38844684-DB99-4D12-8087-902C6F95B3B2}.Release|Any CPU.Build.0 = Release|Any CPU
		{2C470A7B-9008-4FC1-B6E1-43EB75F5B49A}.Debug|Any CPU.ActiveCfg = Debug|Any CPU
		{2C470A7B-9008-4FC1-B6E1-43EB75F5B49A}.Debug|Any CPU.Build.0 = Debug|Any CPU
		{2C470A7B-9008-4FC1-B6E1-43EB75F5B49A}.Release|Any CPU.ActiveCfg = Release|Any CPU
		{2C470A7B-9008-4FC1-B6E1-43EB75F5B49A}.Release|Any CPU.Build.0 = Release|Any CPU
		{B6A99235-6D73-480B-8B5A-B0FEA3EE1E56}.Debug|Any CPU.ActiveCfg = Debug|Any CPU
		{B6A99235-6D73-480B-8B5A-B0FEA3EE1E56}.Debug|Any CPU.Build.0 = Debug|Any CPU
		{B6A99235-6D73-480B-8B5A-B0FEA3EE1E56}.Release|Any CPU.ActiveCfg = Release|Any CPU
		{B6A99235-6D73-480B-8B5A-B0FEA3EE1E56}.Release|Any CPU.Build.0 = Release|Any CPU
		{50D0DB38-F241-4A33-B7EF-F02208D96145}.Debug|Any CPU.ActiveCfg = Debug|Any CPU
		{50D0DB38-F241-4A33-B7EF-F02208D96145}.Debug|Any CPU.Build.0 = Debug|Any CPU
		{50D0DB38-F241-4A33-B7EF-F02208D96145}.Release|Any CPU.ActiveCfg = Release|Any CPU
		{50D0DB38-F241-4A33-B7EF-F02208D96145}.Release|Any CPU.Build.0 = Release|Any CPU
		{1E8AC86B-3E4B-449A-BF55-AC83C8AFE7B8}.Debug|Any CPU.ActiveCfg = Debug|Any CPU
		{1E8AC86B-3E4B-449A-BF55-AC83C8AFE7B8}.Debug|Any CPU.Build.0 = Debug|Any CPU
		{1E8AC86B-3E4B-449A-BF55-AC83C8AFE7B8}.Release|Any CPU.ActiveCfg = Release|Any CPU
		{1E8AC86B-3E4B-449A-BF55-AC83C8AFE7B8}.Release|Any CPU.Build.0 = Release|Any CPU
		{87B080A8-2236-4410-80C8-D8196BA2A609}.Debug|Any CPU.ActiveCfg = Debug|Any CPU
		{87B080A8-2236-4410-80C8-D8196BA2A609}.Debug|Any CPU.Build.0 = Debug|Any CPU
		{87B080A8-2236-4410-80C8-D8196BA2A609}.Release|Any CPU.ActiveCfg = Release|Any CPU
		{87B080A8-2236-4410-80C8-D8196BA2A609}.Release|Any CPU.Build.0 = Release|Any CPU
		{E908E68C-CA67-4D35-9A1B-E6962BE7BF1C}.Debug|Any CPU.ActiveCfg = Debug|Any CPU
		{E908E68C-CA67-4D35-9A1B-E6962BE7BF1C}.Debug|Any CPU.Build.0 = Debug|Any CPU
		{E908E68C-CA67-4D35-9A1B-E6962BE7BF1C}.Release|Any CPU.ActiveCfg = Release|Any CPU
		{E908E68C-CA67-4D35-9A1B-E6962BE7BF1C}.Release|Any CPU.Build.0 = Release|Any CPU
	EndGlobalSection
	GlobalSection(NestedProjects) = preSolution
		{F86341E7-78D8-47F0-8D3C-9CA5AF1B8241} = {1AAD908B-8A99-409D-AADA-C9E943DFCCBD}
		{38844684-DB99-4D12-8087-902C6F95B3B2} = {C4DBC3F2-67F2-438F-837A-74FA46418C97}
		{2C470A7B-9008-4FC1-B6E1-43EB75F5B49A} = {C4DBC3F2-67F2-438F-837A-74FA46418C97}
		{B6A99235-6D73-480B-8B5A-B0FEA3EE1E56} = {C4DBC3F2-67F2-438F-837A-74FA46418C97}
		{50D0DB38-F241-4A33-B7EF-F02208D96145} = {11424574-713D-40CB-A630-E4ECF8F16D4F}
		{1E8AC86B-3E4B-449A-BF55-AC83C8AFE7B8} = {A2880FFB-EEA8-47C6-8CEF-654A992D108B}
		{87B080A8-2236-4410-80C8-D8196BA2A609} = {1AAD908B-8A99-409D-AADA-C9E943DFCCBD}
		{E908E68C-CA67-4D35-9A1B-E6962BE7BF1C} = {11424574-713D-40CB-A630-E4ECF8F16D4F}
	EndGlobalSection
EndGlobal
